
Microsoft Visual Studio Solution File, Format Version 12.00
# Visual Studio Version 17
VisualStudioVersion = 17.5.33516.290
MinimumVisualStudioVersion = 10.0.40219.1
Project("{FAE04EC0-301F-11D3-BF4B-00C04F79EFBC}") = "Store.Backend", "Store.Backend\Store.Backend.csproj", "{46D4F6CB-D2D1-4E7D-BB62-1E10C74BFEE7}"
EndProject
Project("{FAE04EC0-301F-11D3-BF4B-00C04F79EFBC}") = "Store.Presentador", "Store.Presentador\Store.Presentador.csproj", "{86738936-6EA8-4CBC-87F0-53FF402BE913}"
EndProject
Project("{FAE04EC0-301F-11D3-BF4B-00C04F79EFBC}") = "Store.Models", "Store.Models\Store.Models.csproj", "{E979EDF2-5FAA-4EBD-8F7C-BB4337AA89E7}"
EndProject
Project("{FAE04EC0-301F-11D3-BF4B-00C04F79EFBC}") = "Store.DTO", "Store.DTO\Store.DTO.csproj", "{5D662D1B-734E-4BE3-91E2-CDF797DE078C}"
EndProject
Project("{FAE04EC0-301F-11D3-BF4B-00C04F79EFBC}") = "Store.Utils", "Store.Utils\Store.Utils.csproj", "{CF277187-3902-40A0-B990-996E7EB765E3}"
EndProject
Project("{FAE04EC0-301F-11D3-BF4B-00C04F79EFBC}") = "Store.Logic", "Store.Logic\Store.Logic.csproj", "{647E988E-7AF3-49E8-8E26-D8ED775DFA1D}"
EndProject
Project("{FAE04EC0-301F-11D3-BF4B-00C04F79EFBC}") = "Store.Database", "Store.Database\Store.Database.csproj", "{704B641D-E935-441A-BA3E-563802E7D541}"
EndProject
Project("{FAE04EC0-301F-11D3-BF4B-00C04F79EFBC}") = "Store.Reports", "Store.Reports\Store.Reports.csproj", "{DE2CBFD2-7100-4ED2-B17B-12EE3139C3DA}"
EndProject
Global
	GlobalSection(SolutionConfigurationPlatforms) = preSolution
		Debug|Any CPU = Debug|Any CPU
		Release|Any CPU = Release|Any CPU
	EndGlobalSection
	GlobalSection(ProjectConfigurationPlatforms) = postSolution
		{46D4F6CB-D2D1-4E7D-BB62-1E10C74BFEE7}.Debug|Any CPU.ActiveCfg = Debug|Any CPU
		{46D4F6CB-D2D1-4E7D-BB62-1E10C74BFEE7}.Debug|Any CPU.Build.0 = Debug|Any CPU
		{46D4F6CB-D2D1-4E7D-BB62-1E10C74BFEE7}.Release|Any CPU.ActiveCfg = Release|Any CPU
		{46D4F6CB-D2D1-4E7D-BB62-1E10C74BFEE7}.Release|Any CPU.Build.0 = Release|Any CPU
		{86738936-6EA8-4CBC-87F0-53FF402BE913}.Debug|Any CPU.ActiveCfg = Debug|Any CPU
		{86738936-6EA8-4CBC-87F0-53FF402BE913}.Debug|Any CPU.Build.0 = Debug|Any CPU
		{86738936-6EA8-4CBC-87F0-53FF402BE913}.Release|Any CPU.ActiveCfg = Release|Any CPU
		{86738936-6EA8-4CBC-87F0-53FF402BE913}.Release|Any CPU.Build.0 = Release|Any CPU
		{E979EDF2-5FAA-4EBD-8F7C-BB4337AA89E7}.Debug|Any CPU.ActiveCfg = Debug|Any CPU
		{E979EDF2-5FAA-4EBD-8F7C-BB4337AA89E7}.Debug|Any CPU.Build.0 = Debug|Any CPU
		{E979EDF2-5FAA-4EBD-8F7C-BB4337AA89E7}.Release|Any CPU.ActiveCfg = Release|Any CPU
		{E979EDF2-5FAA-4EBD-8F7C-BB4337AA89E7}.Release|Any CPU.Build.0 = Release|Any CPU
		{5D662D1B-734E-4BE3-91E2-CDF797DE078C}.Debug|Any CPU.ActiveCfg = Debug|Any CPU
		{5D662D1B-734E-4BE3-91E2-CDF797DE078C}.Debug|Any CPU.Build.0 = Debug|Any CPU
		{5D662D1B-734E-4BE3-91E2-CDF797DE078C}.Release|Any CPU.ActiveCfg = Release|Any CPU
		{5D662D1B-734E-4BE3-91E2-CDF797DE078C}.Release|Any CPU.Build.0 = Release|Any CPU
		{CF277187-3902-40A0-B990-996E7EB765E3}.Debug|Any CPU.ActiveCfg = Debug|Any CPU
		{CF277187-3902-40A0-B990-996E7EB765E3}.Debug|Any CPU.Build.0 = Debug|Any CPU
		{CF277187-3902-40A0-B990-996E7EB765E3}.Release|Any CPU.ActiveCfg = Release|Any CPU
		{CF277187-3902-40A0-B990-996E7EB765E3}.Release|Any CPU.Build.0 = Release|Any CPU
		{647E988E-7AF3-49E8-8E26-D8ED775DFA1D}.Debug|Any CPU.ActiveCfg = Debug|Any CPU
		{647E988E-7AF3-49E8-8E26-D8ED775DFA1D}.Debug|Any CPU.Build.0 = Debug|Any CPU
		{647E988E-7AF3-49E8-8E26-D8ED775DFA1D}.Release|Any CPU.ActiveCfg = Release|Any CPU
		{647E988E-7AF3-49E8-8E26-D8ED775DFA1D}.Release|Any CPU.Build.0 = Release|Any CPU
		{704B641D-E935-441A-BA3E-563802E7D541}.Debug|Any CPU.ActiveCfg = Debug|Any CPU
		{704B641D-E935-441A-BA3E-563802E7D541}.Debug|Any CPU.Build.0 = Debug|Any CPU
		{704B641D-E935-441A-BA3E-563802E7D541}.Release|Any CPU.ActiveCfg = Release|Any CPU
		{704B641D-E935-441A-BA3E-563802E7D541}.Release|Any CPU.Build.0 = Release|Any CPU
		{DE2CBFD2-7100-4ED2-B17B-12EE3139C3DA}.Debug|Any CPU.ActiveCfg = Debug|Any CPU
		{DE2CBFD2-7100-4ED2-B17B-12EE3139C3DA}.Debug|Any CPU.Build.0 = Debug|Any CPU
		{DE2CBFD2-7100-4ED2-B17B-12EE3139C3DA}.Release|Any CPU.ActiveCfg = Release|Any CPU
		{DE2CBFD2-7100-4ED2-B17B-12EE3139C3DA}.Release|Any CPU.Build.0 = Release|Any CPU
	EndGlobalSection
	GlobalSection(SolutionProperties) = preSolution
		HideSolutionNode = FALSE
	EndGlobalSection
	GlobalSection(ExtensibilityGlobals) = postSolution
		SolutionGuid = {E16B6C9C-D340-4F84-957E-BD71765F9361}
	EndGlobalSection
EndGlobal
